// !$*UTF8*$!
{
	archiveVersion = 1;
	classes = {
	};
	objectVersion = 46;
	objects = {

/* Begin PBXBuildFile section */
		1DDB52AB17AF59D7C2BB6573 /* Pods_OnTheMap.framework in Frameworks */ = {isa = PBXBuildFile; fileRef = F49A7CBDC52A835C5A3D3E7C /* Pods_OnTheMap.framework */; };
		CF0D14471EF249CE0075D81B /* LocationConfirmVC.swift in Sources */ = {isa = PBXBuildFile; fileRef = CF0D14461EF249CE0075D81B /* LocationConfirmVC.swift */; };
		CF175AB91EE8CF7C00F5D32A /* GCDBlackBox.swift in Sources */ = {isa = PBXBuildFile; fileRef = CF175AB81EE8CF7C00F5D32A /* GCDBlackBox.swift */; };
		CF2C7C921EEB2EB900D5CB34 /* Constants.swift in Sources */ = {isa = PBXBuildFile; fileRef = CF2C7C911EEB2EB900D5CB34 /* Constants.swift */; };
		CF83EE791EEFA1FF00CD8C8C /* MapKit.framework in Frameworks */ = {isa = PBXBuildFile; fileRef = CF83EE781EEFA1FF00CD8C8C /* MapKit.framework */; };
		CFAD84781EE68F2600E40FE0 /* AppDelegate.swift in Sources */ = {isa = PBXBuildFile; fileRef = CFAD84771EE68F2600E40FE0 /* AppDelegate.swift */; };
		CFAD847A1EE68F2600E40FE0 /* LoginVC.swift in Sources */ = {isa = PBXBuildFile; fileRef = CFAD84791EE68F2600E40FE0 /* LoginVC.swift */; };
		CFAD847D1EE68F2600E40FE0 /* Main.storyboard in Resources */ = {isa = PBXBuildFile; fileRef = CFAD847B1EE68F2600E40FE0 /* Main.storyboard */; };
		CFAD847F1EE68F2600E40FE0 /* Assets.xcassets in Resources */ = {isa = PBXBuildFile; fileRef = CFAD847E1EE68F2600E40FE0 /* Assets.xcassets */; };
		CFAD84821EE68F2600E40FE0 /* LaunchScreen.storyboard in Resources */ = {isa = PBXBuildFile; fileRef = CFAD84801EE68F2600E40FE0 /* LaunchScreen.storyboard */; };
		CFAD848B1EE7479400E40FE0 /* LocationMapVC.swift in Sources */ = {isa = PBXBuildFile; fileRef = CFAD848A1EE7479400E40FE0 /* LocationMapVC.swift */; };
		CFAD848D1EE747BA00E40FE0 /* UserTableVC.swift in Sources */ = {isa = PBXBuildFile; fileRef = CFAD848C1EE747BA00E40FE0 /* UserTableVC.swift */; };
		CFAD848F1EE747F300E40FE0 /* AddLocationVC.swift in Sources */ = {isa = PBXBuildFile; fileRef = CFAD848E1EE747F300E40FE0 /* AddLocationVC.swift */; };
		CFAD84911EE7483100E40FE0 /* URLWebViewVC.swift in Sources */ = {isa = PBXBuildFile; fileRef = CFAD84901EE7483100E40FE0 /* URLWebViewVC.swift */; };
		CFAD84991EE74DEB00E40FE0 /* UdacityConstants.swift in Sources */ = {isa = PBXBuildFile; fileRef = CFAD84981EE74DEB00E40FE0 /* UdacityConstants.swift */; };
		CFAD849B1EE74F1C00E40FE0 /* StudentInformation.swift in Sources */ = {isa = PBXBuildFile; fileRef = CFAD849A1EE74F1C00E40FE0 /* StudentInformation.swift */; };
		CFAD84A01EE759DF00E40FE0 /* FBAuthVC.swift in Sources */ = {isa = PBXBuildFile; fileRef = CFAD849F1EE759DF00E40FE0 /* FBAuthVC.swift */; };
/* End PBXBuildFile section */

/* Begin PBXFileReference section */
		34AF499FB6D0E28307747413 /* Pods-OnTheMap.release.xcconfig */ = {isa = PBXFileReference; includeInIndex = 1; lastKnownFileType = text.xcconfig; name = "Pods-OnTheMap.release.xcconfig"; path = "Pods/Target Support Files/Pods-OnTheMap/Pods-OnTheMap.release.xcconfig"; sourceTree = "<group>"; };
		BD38F5C9BF03DE68563783C6 /* Pods-OnTheMap.debug.xcconfig */ = {isa = PBXFileReference; includeInIndex = 1; lastKnownFileType = text.xcconfig; name = "Pods-OnTheMap.debug.xcconfig"; path = "Pods/Target Support Files/Pods-OnTheMap/Pods-OnTheMap.debug.xcconfig"; sourceTree = "<group>"; };
		CF0D14461EF249CE0075D81B /* LocationConfirmVC.swift */ = {isa = PBXFileReference; fileEncoding = 4; lastKnownFileType = sourcecode.swift; path = LocationConfirmVC.swift; sourceTree = "<group>"; };
		CF175AB81EE8CF7C00F5D32A /* GCDBlackBox.swift */ = {isa = PBXFileReference; fileEncoding = 4; lastKnownFileType = sourcecode.swift; path = GCDBlackBox.swift; sourceTree = "<group>"; };
		CF2C7C911EEB2EB900D5CB34 /* Constants.swift */ = {isa = PBXFileReference; fileEncoding = 4; lastKnownFileType = sourcecode.swift; path = Constants.swift; sourceTree = "<group>"; };
		CF83EE781EEFA1FF00CD8C8C /* MapKit.framework */ = {isa = PBXFileReference; lastKnownFileType = wrapper.framework; name = MapKit.framework; path = System/Library/Frameworks/MapKit.framework; sourceTree = SDKROOT; };
		CFAD84741EE68F2600E40FE0 /* OnTheMap.app */ = {isa = PBXFileReference; explicitFileType = wrapper.application; includeInIndex = 0; path = OnTheMap.app; sourceTree = BUILT_PRODUCTS_DIR; };
		CFAD84771EE68F2600E40FE0 /* AppDelegate.swift */ = {isa = PBXFileReference; lastKnownFileType = sourcecode.swift; path = AppDelegate.swift; sourceTree = "<group>"; };
		CFAD84791EE68F2600E40FE0 /* LoginVC.swift */ = {isa = PBXFileReference; lastKnownFileType = sourcecode.swift; path = LoginVC.swift; sourceTree = "<group>"; };
		CFAD847C1EE68F2600E40FE0 /* Base */ = {isa = PBXFileReference; lastKnownFileType = file.storyboard; name = Base; path = Base.lproj/Main.storyboard; sourceTree = "<group>"; };
		CFAD847E1EE68F2600E40FE0 /* Assets.xcassets */ = {isa = PBXFileReference; lastKnownFileType = folder.assetcatalog; path = Assets.xcassets; sourceTree = "<group>"; };
		CFAD84811EE68F2600E40FE0 /* Base */ = {isa = PBXFileReference; lastKnownFileType = file.storyboard; name = Base; path = Base.lproj/LaunchScreen.storyboard; sourceTree = "<group>"; };
		CFAD84831EE68F2600E40FE0 /* Info.plist */ = {isa = PBXFileReference; lastKnownFileType = text.plist.xml; path = Info.plist; sourceTree = "<group>"; };
		CFAD848A1EE7479400E40FE0 /* LocationMapVC.swift */ = {isa = PBXFileReference; fileEncoding = 4; lastKnownFileType = sourcecode.swift; name = LocationMapVC.swift; path = ../LocationMapVC.swift; sourceTree = "<group>"; };
		CFAD848C1EE747BA00E40FE0 /* UserTableVC.swift */ = {isa = PBXFileReference; fileEncoding = 4; lastKnownFileType = sourcecode.swift; name = UserTableVC.swift; path = ../UserTableVC.swift; sourceTree = "<group>"; };
		CFAD848E1EE747F300E40FE0 /* AddLocationVC.swift */ = {isa = PBXFileReference; fileEncoding = 4; lastKnownFileType = sourcecode.swift; name = AddLocationVC.swift; path = ../AddLocationVC.swift; sourceTree = "<group>"; };
		CFAD84901EE7483100E40FE0 /* URLWebViewVC.swift */ = {isa = PBXFileReference; fileEncoding = 4; lastKnownFileType = sourcecode.swift; name = URLWebViewVC.swift; path = ../URLWebViewVC.swift; sourceTree = "<group>"; };
		CFAD84981EE74DEB00E40FE0 /* UdacityConstants.swift */ = {isa = PBXFileReference; fileEncoding = 4; lastKnownFileType = sourcecode.swift; path = UdacityConstants.swift; sourceTree = "<group>"; };
		CFAD849A1EE74F1C00E40FE0 /* StudentInformation.swift */ = {isa = PBXFileReference; fileEncoding = 4; lastKnownFileType = sourcecode.swift; path = StudentInformation.swift; sourceTree = "<group>"; };
		CFAD849F1EE759DF00E40FE0 /* FBAuthVC.swift */ = {isa = PBXFileReference; fileEncoding = 4; lastKnownFileType = sourcecode.swift; path = FBAuthVC.swift; sourceTree = "<group>"; };
		F49A7CBDC52A835C5A3D3E7C /* Pods_OnTheMap.framework */ = {isa = PBXFileReference; explicitFileType = wrapper.framework; includeInIndex = 0; path = Pods_OnTheMap.framework; sourceTree = BUILT_PRODUCTS_DIR; };
/* End PBXFileReference section */

/* Begin PBXFrameworksBuildPhase section */
		CFAD84711EE68F2600E40FE0 /* Frameworks */ = {
			isa = PBXFrameworksBuildPhase;
			buildActionMask = 2147483647;
			files = (
				CF83EE791EEFA1FF00CD8C8C /* MapKit.framework in Frameworks */,
				1DDB52AB17AF59D7C2BB6573 /* Pods_OnTheMap.framework in Frameworks */,
			);
			runOnlyForDeploymentPostprocessing = 0;
		};
/* End PBXFrameworksBuildPhase section */

/* Begin PBXGroup section */
		5098EC31358466E76843E6AB /* Pods */ = {
			isa = PBXGroup;
			children = (
				BD38F5C9BF03DE68563783C6 /* Pods-OnTheMap.debug.xcconfig */,
				34AF499FB6D0E28307747413 /* Pods-OnTheMap.release.xcconfig */,
			);
			name = Pods;
			sourceTree = "<group>";
		};
		CF83EE771EEFA1FE00CD8C8C /* Frameworks */ = {
			isa = PBXGroup;
			children = (
				CF83EE781EEFA1FF00CD8C8C /* MapKit.framework */,
				F49A7CBDC52A835C5A3D3E7C /* Pods_OnTheMap.framework */,
			);
			name = Frameworks;
			sourceTree = "<group>";
		};
		CFAD846B1EE68F2600E40FE0 = {
			isa = PBXGroup;
			children = (
				CFAD84761EE68F2600E40FE0 /* OnTheMap */,
				CFAD84751EE68F2600E40FE0 /* Products */,
				5098EC31358466E76843E6AB /* Pods */,
				CF83EE771EEFA1FE00CD8C8C /* Frameworks */,
			);
			sourceTree = "<group>";
		};
		CFAD84751EE68F2600E40FE0 /* Products */ = {
			isa = PBXGroup;
			children = (
				CFAD84741EE68F2600E40FE0 /* OnTheMap.app */,
			);
			name = Products;
			sourceTree = "<group>";
		};
		CFAD84761EE68F2600E40FE0 /* OnTheMap */ = {
			isa = PBXGroup;
			children = (
				CF2C7C911EEB2EB900D5CB34 /* Constants.swift */,
				CFAD84921EE7495400E40FE0 /* Model */,
				CFAD84891EE7477000E40FE0 /* Controller */,
				CFAD84941EE74BE100E40FE0 /* Assets */,
				CFAD84951EE74C0600E40FE0 /* Supporting Files */,
				CF175AB81EE8CF7C00F5D32A /* GCDBlackBox.swift */,
			);
			path = OnTheMap;
			sourceTree = "<group>";
		};
		CFAD84891EE7477000E40FE0 /* Controller */ = {
			isa = PBXGroup;
			children = (
				CFAD84791EE68F2600E40FE0 /* LoginVC.swift */,
				CFAD848A1EE7479400E40FE0 /* LocationMapVC.swift */,
				CFAD848C1EE747BA00E40FE0 /* UserTableVC.swift */,
				CFAD84901EE7483100E40FE0 /* URLWebViewVC.swift */,
				CFAD848E1EE747F300E40FE0 /* AddLocationVC.swift */,
				CF0D14461EF249CE0075D81B /* LocationConfirmVC.swift */,
			);
			name = Controller;
			sourceTree = "<group>";
		};
		CFAD84921EE7495400E40FE0 /* Model */ = {
			isa = PBXGroup;
			children = (
				CFAD84931EE7496300E40FE0 /* Clients */,
			);
			name = Model;
			sourceTree = "<group>";
		};
		CFAD84931EE7496300E40FE0 /* Clients */ = {
			isa = PBXGroup;
			children = (
				CFAD84971EE74DCD00E40FE0 /* FBAuth */,
				CFAD84961EE74DC500E40FE0 /* Udacity */,
			);
			name = Clients;
			sourceTree = "<group>";
		};
		CFAD84941EE74BE100E40FE0 /* Assets */ = {
			isa = PBXGroup;
			children = (
				CFAD847B1EE68F2600E40FE0 /* Main.storyboard */,
				CFAD847E1EE68F2600E40FE0 /* Assets.xcassets */,
				CFAD84801EE68F2600E40FE0 /* LaunchScreen.storyboard */,
			);
			name = Assets;
			sourceTree = "<group>";
		};
		CFAD84951EE74C0600E40FE0 /* Supporting Files */ = {
			isa = PBXGroup;
			children = (
				CFAD84831EE68F2600E40FE0 /* Info.plist */,
			);
			name = "Supporting Files";
			sourceTree = "<group>";
		};
		CFAD84961EE74DC500E40FE0 /* Udacity */ = {
			isa = PBXGroup;
			children = (
				CFAD84981EE74DEB00E40FE0 /* UdacityConstants.swift */,
				CFAD849A1EE74F1C00E40FE0 /* StudentInformation.swift */,
			);
			name = Udacity;
			sourceTree = "<group>";
		};
		CFAD84971EE74DCD00E40FE0 /* FBAuth */ = {
			isa = PBXGroup;
			children = (
				CFAD84771EE68F2600E40FE0 /* AppDelegate.swift */,
				CFAD849F1EE759DF00E40FE0 /* FBAuthVC.swift */,
			);
			name = FBAuth;
			sourceTree = "<group>";
		};
/* End PBXGroup section */

/* Begin PBXNativeTarget section */
		CFAD84731EE68F2600E40FE0 /* OnTheMap */ = {
			isa = PBXNativeTarget;
			buildConfigurationList = CFAD84861EE68F2600E40FE0 /* Build configuration list for PBXNativeTarget "OnTheMap" */;
			buildPhases = (
				075A8C06773C53B93A186067 /* [CP] Check Pods Manifest.lock */,
				CFAD84701EE68F2600E40FE0 /* Sources */,
				CFAD84711EE68F2600E40FE0 /* Frameworks */,
				CFAD84721EE68F2600E40FE0 /* Resources */,
				34F9BEC06B54813B3D4BBC14 /* [CP] Embed Pods Frameworks */,
				CE4CAEF0E6BC96D214F5B665 /* [CP] Copy Pods Resources */,
			);
			buildRules = (
			);
			dependencies = (
			);
			name = OnTheMap;
			productName = OnTheMap;
			productReference = CFAD84741EE68F2600E40FE0 /* OnTheMap.app */;
			productType = "com.apple.product-type.application";
		};
/* End PBXNativeTarget section */

/* Begin PBXProject section */
		CFAD846C1EE68F2600E40FE0 /* Project object */ = {
			isa = PBXProject;
			attributes = {
				LastSwiftUpdateCheck = 0830;
				LastUpgradeCheck = 0830;
				ORGANIZATIONNAME = YTK;
				TargetAttributes = {
					CFAD84731EE68F2600E40FE0 = {
						CreatedOnToolsVersion = 8.3.2;
						DevelopmentTeam = UM7C9A659H;
						ProvisioningStyle = Automatic;
					};
				};
			};
			buildConfigurationList = CFAD846F1EE68F2600E40FE0 /* Build configuration list for PBXProject "OnTheMap" */;
			compatibilityVersion = "Xcode 3.2";
			developmentRegion = English;
			hasScannedForEncodings = 0;
			knownRegions = (
				en,
				Base,
			);
			mainGroup = CFAD846B1EE68F2600E40FE0;
			productRefGroup = CFAD84751EE68F2600E40FE0 /* Products */;
			projectDirPath = "";
			projectRoot = "";
			targets = (
				CFAD84731EE68F2600E40FE0 /* OnTheMap */,
			);
		};
/* End PBXProject section */

/* Begin PBXResourcesBuildPhase section */
		CFAD84721EE68F2600E40FE0 /* Resources */ = {
			isa = PBXResourcesBuildPhase;
			buildActionMask = 2147483647;
			files = (
				CFAD84821EE68F2600E40FE0 /* LaunchScreen.storyboard in Resources */,
				CFAD847F1EE68F2600E40FE0 /* Assets.xcassets in Resources */,
				CFAD847D1EE68F2600E40FE0 /* Main.storyboard in Resources */,
			);
			runOnlyForDeploymentPostprocessing = 0;
		};
/* End PBXResourcesBuildPhase section */

/* Begin PBXShellScriptBuildPhase section */
		075A8C06773C53B93A186067 /* [CP] Check Pods Manifest.lock */ = {
			isa = PBXShellScriptBuildPhase;
			buildActionMask = 2147483647;
			files = (
			);
			inputPaths = (
			);
			name = "[CP] Check Pods Manifest.lock";
			outputPaths = (
			);
			runOnlyForDeploymentPostprocessing = 0;
			shellPath = /bin/sh;
			shellScript = "diff \"${PODS_PODFILE_DIR_PATH}/Podfile.lock\" \"${PODS_ROOT}/Manifest.lock\" > /dev/null\nif [ $? != 0 ] ; then\n    # print error to STDERR\n    echo \"error: The sandbox is not in sync with the Podfile.lock. Run 'pod install' or update your CocoaPods installation.\" >&2\n    exit 1\nfi\n";
			showEnvVarsInLog = 0;
		};
		34F9BEC06B54813B3D4BBC14 /* [CP] Embed Pods Frameworks */ = {
			isa = PBXShellScriptBuildPhase;
			buildActionMask = 2147483647;
			files = (
			);
			inputPaths = (
			);
			name = "[CP] Embed Pods Frameworks";
			outputPaths = (
			);
			runOnlyForDeploymentPostprocessing = 0;
			shellPath = /bin/sh;
			shellScript = "\"${SRCROOT}/Pods/Target Support Files/Pods-OnTheMap/Pods-OnTheMap-frameworks.sh\"\n";
			showEnvVarsInLog = 0;
		};
		CE4CAEF0E6BC96D214F5B665 /* [CP] Copy Pods Resources */ = {
			isa = PBXShellScriptBuildPhase;
			buildActionMask = 2147483647;
			files = (
			);
			inputPaths = (
			);
			name = "[CP] Copy Pods Resources";
			outputPaths = (
			);
			runOnlyForDeploymentPostprocessing = 0;
			shellPath = /bin/sh;
			shellScript = "\"${SRCROOT}/Pods/Target Support Files/Pods-OnTheMap/Pods-OnTheMap-resources.sh\"\n";
			showEnvVarsInLog = 0;
		};
/* End PBXShellScriptBuildPhase section */

/* Begin PBXSourcesBuildPhase section */
		CFAD84701EE68F2600E40FE0 /* Sources */ = {
			isa = PBXSourcesBuildPhase;
			buildActionMask = 2147483647;
			files = (
				CFAD847A1EE68F2600E40FE0 /* LoginVC.swift in Sources */,
				CF2C7C921EEB2EB900D5CB34 /* Constants.swift in Sources */,
				CF0D14471EF249CE0075D81B /* LocationConfirmVC.swift in Sources */,
				CFAD84991EE74DEB00E40FE0 /* UdacityConstants.swift in Sources */,
				CFAD84A01EE759DF00E40FE0 /* FBAuthVC.swift in Sources */,
				CFAD848D1EE747BA00E40FE0 /* UserTableVC.swift in Sources */,
				CF175AB91EE8CF7C00F5D32A /* GCDBlackBox.swift in Sources */,
				CFAD84911EE7483100E40FE0 /* URLWebViewVC.swift in Sources */,
				CFAD849B1EE74F1C00E40FE0 /* StudentInformation.swift in Sources */,
				CFAD848B1EE7479400E40FE0 /* LocationMapVC.swift in Sources */,
				CFAD848F1EE747F300E40FE0 /* AddLocationVC.swift in Sources */,
				CFAD84781EE68F2600E40FE0 /* AppDelegate.swift in Sources */,
			);
			runOnlyForDeploymentPostprocessing = 0;
		};
/* End PBXSourcesBuildPhase section */

/* Begin PBXVariantGroup section */
		CFAD847B1EE68F2600E40FE0 /* Main.storyboard */ = {
			isa = PBXVariantGroup;
			children = (
				CFAD847C1EE68F2600E40FE0 /* Base */,
			);
			name = Main.storyboard;
			sourceTree = "<group>";
		};
		CFAD84801EE68F2600E40FE0 /* LaunchScreen.storyboard */ = {
			isa = PBXVariantGroup;
			children = (
				CFAD84811EE68F2600E40FE0 /* Base */,
			);
			name = LaunchScreen.storyboard;
			sourceTree = "<group>";
		};
/* End PBXVariantGroup section */

/* Begin XCBuildConfiguration section */
		CFAD84841EE68F2600E40FE0 /* Debug */ = {
			isa = XCBuildConfiguration;
			buildSettings = {
				ALWAYS_SEARCH_USER_PATHS = NO;
				CLANG_ANALYZER_NONNULL = YES;
				CLANG_ANALYZER_NUMBER_OBJECT_CONVERSION = YES_AGGRESSIVE;
				CLANG_CXX_LANGUAGE_STANDARD = "gnu++0x";
				CLANG_CXX_LIBRARY = "libc++";
				CLANG_ENABLE_MODULES = YES;
				CLANG_ENABLE_OBJC_ARC = YES;
				CLANG_WARN_BOOL_CONVERSION = YES;
				CLANG_WARN_CONSTANT_CONVERSION = YES;
				CLANG_WARN_DIRECT_OBJC_ISA_USAGE = YES_ERROR;
				CLANG_WARN_DOCUMENTATION_COMMENTS = YES;
				CLANG_WARN_EMPTY_BODY = YES;
				CLANG_WARN_ENUM_CONVERSION = YES;
				CLANG_WARN_INFINITE_RECURSION = YES;
				CLANG_WARN_INT_CONVERSION = YES;
				CLANG_WARN_OBJC_ROOT_CLASS = YES_ERROR;
				CLANG_WARN_SUSPICIOUS_MOVE = YES;
				CLANG_WARN_UNREACHABLE_CODE = YES;
				CLANG_WARN__DUPLICATE_METHOD_MATCH = YES;
				"CODE_SIGN_IDENTITY[sdk=iphoneos*]" = "iPhone Developer";
				COPY_PHASE_STRIP = NO;
				DEBUG_INFORMATION_FORMAT = dwarf;
				ENABLE_STRICT_OBJC_MSGSEND = YES;
				ENABLE_TESTABILITY = YES;
				FRAMEWORK_SEARCH_PATHS = (
					"/Users/yeontaekim/Downloads/facebook-sdk-swift-0.2.0",
					"$(inherited)",
					"$(SRCROOT)",
				);
				GCC_C_LANGUAGE_STANDARD = gnu99;
				GCC_DYNAMIC_NO_PIC = NO;
				GCC_NO_COMMON_BLOCKS = YES;
				GCC_OPTIMIZATION_LEVEL = 0;
				GCC_PREPROCESSOR_DEFINITIONS = (
					"DEBUG=1",
					"$(inherited)",
				);
				GCC_WARN_64_TO_32_BIT_CONVERSION = YES;
				GCC_WARN_ABOUT_RETURN_TYPE = YES_ERROR;
				GCC_WARN_UNDECLARED_SELECTOR = YES;
				GCC_WARN_UNINITIALIZED_AUTOS = YES_AGGRESSIVE;
				GCC_WARN_UNUSED_FUNCTION = YES;
				GCC_WARN_UNUSED_VARIABLE = YES;
				IPHONEOS_DEPLOYMENT_TARGET = 10.3;
				MTL_ENABLE_DEBUG_INFO = YES;
				ONLY_ACTIVE_ARCH = YES;
				SDKROOT = iphoneos;
				SWIFT_ACTIVE_COMPILATION_CONDITIONS = DEBUG;
				SWIFT_OPTIMIZATION_LEVEL = "-Onone";
			};
			name = Debug;
		};
		CFAD84851EE68F2600E40FE0 /* Release */ = {
			isa = XCBuildConfiguration;
			buildSettings = {
				ALWAYS_SEARCH_USER_PATHS = NO;
				CLANG_ANALYZER_NONNULL = YES;
				CLANG_ANALYZER_NUMBER_OBJECT_CONVERSION = YES_AGGRESSIVE;
				CLANG_CXX_LANGUAGE_STANDARD = "gnu++0x";
				CLANG_CXX_LIBRARY = "libc++";
				CLANG_ENABLE_MODULES = YES;
				CLANG_ENABLE_OBJC_ARC = YES;
				CLANG_WARN_BOOL_CONVERSION = YES;
				CLANG_WARN_CONSTANT_CONVERSION = YES;
				CLANG_WARN_DIRECT_OBJC_ISA_USAGE = YES_ERROR;
				CLANG_WARN_DOCUMENTATION_COMMENTS = YES;
				CLANG_WARN_EMPTY_BODY = YES;
				CLANG_WARN_ENUM_CONVERSION = YES;
				CLANG_WARN_INFINITE_RECURSION = YES;
				CLANG_WARN_INT_CONVERSION = YES;
				CLANG_WARN_OBJC_ROOT_CLASS = YES_ERROR;
				CLANG_WARN_SUSPICIOUS_MOVE = YES;
				CLANG_WARN_UNREACHABLE_CODE = YES;
				CLANG_WARN__DUPLICATE_METHOD_MATCH = YES;
				"CODE_SIGN_IDENTITY[sdk=iphoneos*]" = "iPhone Developer";
				COPY_PHASE_STRIP = NO;
				DEBUG_INFORMATION_FORMAT = "dwarf-with-dsym";
				ENABLE_NS_ASSERTIONS = NO;
				ENABLE_STRICT_OBJC_MSGSEND = YES;
				FRAMEWORK_SEARCH_PATHS = (
					"/Users/yeontaekim/Downloads/facebook-sdk-swift-0.2.0",
					"$(inherited)",
					"$(SRCROOT)",
				);
				GCC_C_LANGUAGE_STANDARD = gnu99;
				GCC_NO_COMMON_BLOCKS = YES;
				GCC_WARN_64_TO_32_BIT_CONVERSION = YES;
				GCC_WARN_ABOUT_RETURN_TYPE = YES_ERROR;
				GCC_WARN_UNDECLARED_SELECTOR = YES;
				GCC_WARN_UNINITIALIZED_AUTOS = YES_AGGRESSIVE;
				GCC_WARN_UNUSED_FUNCTION = YES;
				GCC_WARN_UNUSED_VARIABLE = YES;
				IPHONEOS_DEPLOYMENT_TARGET = 10.3;
				MTL_ENABLE_DEBUG_INFO = NO;
				ONLY_ACTIVE_ARCH = NO;
				SDKROOT = iphoneos;
				SWIFT_OPTIMIZATION_LEVEL = "-Owholemodule";
				VALIDATE_PRODUCT = YES;
			};
			name = Release;
		};
		CFAD84871EE68F2600E40FE0 /* Debug */ = {
			isa = XCBuildConfiguration;
			baseConfigurationReference = BD38F5C9BF03DE68563783C6 /* Pods-OnTheMap.debug.xcconfig */;
			buildSettings = {
				ALWAYS_SEARCH_USER_PATHS = YES;
				ASSETCATALOG_COMPILER_APPICON_NAME = AppIcon;
				DEVELOPMENT_TEAM = UM7C9A659H;
				FRAMEWORK_SEARCH_PATHS = (
					"$(inherited)",
					"$(SRCROOT)",
					"/Users/yeontaekim/Downloads/facebook-sdk-swift-0.2.0",
				);
				INFOPLIST_FILE = OnTheMap/Info.plist;
				LD_RUNPATH_SEARCH_PATHS = "$(inherited) @executable_path/Frameworks";
				LIBRARY_SEARCH_PATHS = "";
				PRODUCT_BUNDLE_IDENTIFIER = com.ytk.OnTheMap;
				PRODUCT_NAME = "$(TARGET_NAME)";
				SWIFT_VERSION = 3.0;
			};
			name = Debug;
		};
		CFAD84881EE68F2600E40FE0 /* Release */ = {
			isa = XCBuildConfiguration;
			baseConfigurationReference = 34AF499FB6D0E28307747413 /* Pods-OnTheMap.release.xcconfig */;
			buildSettings = {
				ALWAYS_SEARCH_USER_PATHS = YES;
				ASSETCATALOG_COMPILER_APPICON_NAME = AppIcon;
				DEVELOPMENT_TEAM = UM7C9A659H;
				FRAMEWORK_SEARCH_PATHS = (
					"$(inherited)",
					"$(SRCROOT)",
					"/Users/yeontaekim/Downloads/facebook-sdk-swift-0.2.0",
				);
				INFOPLIST_FILE = OnTheMap/Info.plist;
				LD_RUNPATH_SEARCH_PATHS = "$(inherited) @executable_path/Frameworks";
				LIBRARY_SEARCH_PATHS = "";
				PRODUCT_BUNDLE_IDENTIFIER = com.ytk.OnTheMap;
				PRODUCT_NAME = "$(TARGET_NAME)";
				SWIFT_VERSION = 3.0;
			};
			name = Release;
		};
/* End XCBuildConfiguration section */

/* Begin XCConfigurationList section */
		CFAD846F1EE68F2600E40FE0 /* Build configuration list for PBXProject "OnTheMap" */ = {
			isa = XCConfigurationList;
			buildConfigurations = (
				CFAD84841EE68F2600E40FE0 /* Debug */,
				CFAD84851EE68F2600E40FE0 /* Release */,
			);
			defaultConfigurationIsVisible = 0;
			defaultConfigurationName = Release;
		};
		CFAD84861EE68F2600E40FE0 /* Build configuration list for PBXNativeTarget "OnTheMap" */ = {
			isa = XCConfigurationList;
			buildConfigurations = (
				CFAD84871EE68F2600E40FE0 /* Debug */,
				CFAD84881EE68F2600E40FE0 /* Release */,
			);
			defaultConfigurationIsVisible = 0;
			defaultConfigurationName = Release;
		};
/* End XCConfigurationList section */
	};
	rootObject = CFAD846C1EE68F2600E40FE0 /* Project object */;
}
